
Microsoft Visual Studio Solution File, Format Version 12.00
# Visual Studio Version 17
VisualStudioVersion = 17.8.34511.84
MinimumVisualStudioVersion = 10.0.40219.1
Project("{9A19103F-16F7-4668-BE54-9A1E7A4F7556}") = "NullRef.FluentReflection", "NullRef.FluentReflection\NullRef.FluentReflection.csproj", "{A81DDF0E-B699-45E5-B8C3-C85F2721691A}"
EndProject
Project("{9A19103F-16F7-4668-BE54-9A1E7A4F7556}") = "NullRef.FluentReflection.Tests", "NullRef.FluentReflection.Tests\NullRef.FluentReflection.Tests.csproj", "{043E6491-2D8D-4A18-BDE5-B13694BB64F1}"
EndProject
Project("{9A19103F-16F7-4668-BE54-9A1E7A4F7556}") = "NullRef.FluentReflection.ModelSample1", "NullRef.FluentReflection.ModelSample1\NullRef.FluentReflection.ModelSample1.csproj", "{63A45D1D-DFB6-4681-97C2-916F8E8CDE43}"
EndProject
Project("{2150E333-8FDC-42A3-9474-1A3956D46DE8}") = "artifacts", "artifacts", "{40555E4E-8EC1-45B0-8D5E-152C7031FCD5}"
	ProjectSection(SolutionItems) = preProject
		.editorconfig = .editorconfig
		.gitignore = .gitignore
		..\README.md = ..\README.md
	EndProjectSection
EndProject
Global
	GlobalSection(SolutionConfigurationPlatforms) = preSolution
		Debug|Any CPU = Debug|Any CPU
		Release|Any CPU = Release|Any CPU
	EndGlobalSection
	GlobalSection(ProjectConfigurationPlatforms) = postSolution
		{A81DDF0E-B699-45E5-B8C3-C85F2721691A}.Debug|Any CPU.ActiveCfg = Debug|Any CPU
		{A81DDF0E-B699-45E5-B8C3-C85F2721691A}.Debug|Any CPU.Build.0 = Debug|Any CPU
		{A81DDF0E-B699-45E5-B8C3-C85F2721691A}.Release|Any CPU.ActiveCfg = Release|Any CPU
		{A81DDF0E-B699-45E5-B8C3-C85F2721691A}.Release|Any CPU.Build.0 = Release|Any CPU
		{043E6491-2D8D-4A18-BDE5-B13694BB64F1}.Debug|Any CPU.ActiveCfg = Debug|Any CPU
		{043E6491-2D8D-4A18-BDE5-B13694BB64F1}.Debug|Any CPU.Build.0 = Debug|Any CPU
		{043E6491-2D8D-4A18-BDE5-B13694BB64F1}.Release|Any CPU.ActiveCfg = Release|Any CPU
		{043E6491-2D8D-4A18-BDE5-B13694BB64F1}.Release|Any CPU.Build.0 = Release|Any CPU
		{63A45D1D-DFB6-4681-97C2-916F8E8CDE43}.Debug|Any CPU.ActiveCfg = Debug|Any CPU
		{63A45D1D-DFB6-4681-97C2-916F8E8CDE43}.Debug|Any CPU.Build.0 = Debug|Any CPU
		{63A45D1D-DFB6-4681-97C2-916F8E8CDE43}.Release|Any CPU.ActiveCfg = Release|Any CPU
		{63A45D1D-DFB6-4681-97C2-916F8E8CDE43}.Release|Any CPU.Build.0 = Release|Any CPU
	EndGlobalSection
	GlobalSection(SolutionProperties) = preSolution
		HideSolutionNode = FALSE
	EndGlobalSection
	GlobalSection(ExtensibilityGlobals) = postSolution
		SolutionGuid = {B29EBFD0-4AE4-4D56-BCCA-EBE62B235C59}
	EndGlobalSection
EndGlobal
